{
  "version": 4,
  "terraform_version": "1.11.3",
  "serial": 2,
  "lineage": "edde7a61-3cd0-8544-c476-ba72632caed1",
  "outputs": {
    "api_key": {
      "value": "dsabar",
      "type": "string",
      "sensitive": true
    },
    "application_name": {
      "value": "blog",
      "type": "string"
    },
    "environment_name": {
      "value": "dev",
      "type": "string"
    },
    "environment_prefix": {
      "value": "blog-dev-s2zo1i",
      "type": "string"
    },
    "primary_region": {
      "value": "westus",
      "type": "string"
    },
    "primary_region_dictionary_instance_count": {
      "value": "4",
      "type": "string"
    },
    "primary_region_instance_count": {
      "value": "4",
      "type": "string"
    },
    "sku_settings_kind": {
      "value": "P",
      "type": "string"
    },
    "suffix": {
      "value": "s2zo1i",
      "type": "string"
    }
  },
  "resources": [
    {
      "mode": "managed",
      "type": "random_string",
      "name": "suffix",
      "provider": "provider[\"registry.terraform.io/hashicorp/random\"]",
      "instances": [
        {
          "schema_version": 2,
          "attributes": {
            "id": "s2zo1i",
            "keepers": null,
            "length": 6,
            "lower": true,
            "min_lower": 0,
            "min_numeric": 0,
            "min_special": 0,
            "min_upper": 0,
            "number": true,
            "numeric": true,
            "override_special": null,
            "result": "s2zo1i",
            "special": false,
            "upper": false
          },
          "sensitive_attributes": []
        }
      ]
    }
  ],
  "check_results": [
    {
      "object_kind": "var",
      "config_addr": "var.instance_count",
      "status": "pass",
      "objects": [
        {
          "object_addr": "var.instance_count",
          "status": "pass"
        }
      ]
    },
    {
      "object_kind": "var",
      "config_addr": "var.application_name",
      "status": "pass",
      "objects": [
        {
          "object_addr": "var.application_name",
          "status": "pass"
        }
      ]
    }
  ]
}
